// !$*UTF8*$!
{
	archiveVersion = 1;
	classes = {
	};
	objectVersion = 51;
	objects = {

/* Begin PBXBuildFile section */
		7F6D0318915DE9750B5D7C7F /* Pods_MovieList.framework in Frameworks */ = {isa = PBXBuildFile; fileRef = B32729B76DCC064E8C1BF3D2 /* Pods_MovieList.framework */; };
		8D4A2C0D2740350C00447F2D /* NetworkManager.swift in Sources */ = {isa = PBXBuildFile; fileRef = 8D4A2C0C2740350C00447F2D /* NetworkManager.swift */; };
		8D4A2C0F2740407C00447F2D /* MovieNetworkWorker.swift in Sources */ = {isa = PBXBuildFile; fileRef = 8D4A2C0E2740407C00447F2D /* MovieNetworkWorker.swift */; };
		8D4A2C122740527000447F2D /* MovieTableViewCell.swift in Sources */ = {isa = PBXBuildFile; fileRef = 8D4A2C112740527000447F2D /* MovieTableViewCell.swift */; };
		8D4A2C142748D25800447F2D /* MovieWorker.swift in Sources */ = {isa = PBXBuildFile; fileRef = 8D4A2C132748D25800447F2D /* MovieWorker.swift */; };
		8D4A2C162748D27C00447F2D /* MovieViewController.swift in Sources */ = {isa = PBXBuildFile; fileRef = 8D4A2C152748D27C00447F2D /* MovieViewController.swift */; };
		8D4A2C182748D29B00447F2D /* MovieRouter.swift in Sources */ = {isa = PBXBuildFile; fileRef = 8D4A2C172748D29B00447F2D /* MovieRouter.swift */; };
		8D4A2C1A2748D2B000447F2D /* MoviePresenter.swift in Sources */ = {isa = PBXBuildFile; fileRef = 8D4A2C192748D2B000447F2D /* MoviePresenter.swift */; };
		8D4A2C1C2748D2B800447F2D /* MovieModels.swift in Sources */ = {isa = PBXBuildFile; fileRef = 8D4A2C1B2748D2B700447F2D /* MovieModels.swift */; };
		8D4A2C1E2748D2BF00447F2D /* MovieInteractor.swift in Sources */ = {isa = PBXBuildFile; fileRef = 8D4A2C1D2748D2BE00447F2D /* MovieInteractor.swift */; };
		8D4A2C202748D2FC00447F2D /* MovieResponseModel.swift in Sources */ = {isa = PBXBuildFile; fileRef = 8D4A2C1F2748D2FC00447F2D /* MovieResponseModel.swift */; };
		8DB86F03273FDC8F00489F3B /* AppDelegate.swift in Sources */ = {isa = PBXBuildFile; fileRef = 8DB86F02273FDC8F00489F3B /* AppDelegate.swift */; };
		8DB86F05273FDC8F00489F3B /* SceneDelegate.swift in Sources */ = {isa = PBXBuildFile; fileRef = 8DB86F04273FDC8F00489F3B /* SceneDelegate.swift */; };
		8DB86F0A273FDC8F00489F3B /* Main.storyboard in Resources */ = {isa = PBXBuildFile; fileRef = 8DB86F08273FDC8F00489F3B /* Main.storyboard */; };
		8DB86F0C273FDC9000489F3B /* Assets.xcassets in Resources */ = {isa = PBXBuildFile; fileRef = 8DB86F0B273FDC9000489F3B /* Assets.xcassets */; };
		8DB86F0F273FDC9000489F3B /* LaunchScreen.storyboard in Resources */ = {isa = PBXBuildFile; fileRef = 8DB86F0D273FDC9000489F3B /* LaunchScreen.storyboard */; };
/* End PBXBuildFile section */

/* Begin PBXFileReference section */
		09F6BEDF1234839512AEC2EE /* Pods-MovieList.release.xcconfig */ = {isa = PBXFileReference; includeInIndex = 1; lastKnownFileType = text.xcconfig; name = "Pods-MovieList.release.xcconfig"; path = "Target Support Files/Pods-MovieList/Pods-MovieList.release.xcconfig"; sourceTree = "<group>"; };
		8D4A2C0C2740350C00447F2D /* NetworkManager.swift */ = {isa = PBXFileReference; lastKnownFileType = sourcecode.swift; path = NetworkManager.swift; sourceTree = "<group>"; };
		8D4A2C0E2740407C00447F2D /* MovieNetworkWorker.swift */ = {isa = PBXFileReference; lastKnownFileType = sourcecode.swift; path = MovieNetworkWorker.swift; sourceTree = "<group>"; };
		8D4A2C112740527000447F2D /* MovieTableViewCell.swift */ = {isa = PBXFileReference; lastKnownFileType = sourcecode.swift; path = MovieTableViewCell.swift; sourceTree = "<group>"; };
		8D4A2C132748D25800447F2D /* MovieWorker.swift */ = {isa = PBXFileReference; fileEncoding = 4; lastKnownFileType = sourcecode.swift; path = MovieWorker.swift; sourceTree = "<group>"; };
		8D4A2C152748D27C00447F2D /* MovieViewController.swift */ = {isa = PBXFileReference; fileEncoding = 4; lastKnownFileType = sourcecode.swift; path = MovieViewController.swift; sourceTree = "<group>"; };
		8D4A2C172748D29B00447F2D /* MovieRouter.swift */ = {isa = PBXFileReference; fileEncoding = 4; lastKnownFileType = sourcecode.swift; path = MovieRouter.swift; sourceTree = "<group>"; };
		8D4A2C192748D2B000447F2D /* MoviePresenter.swift */ = {isa = PBXFileReference; fileEncoding = 4; lastKnownFileType = sourcecode.swift; path = MoviePresenter.swift; sourceTree = "<group>"; };
		8D4A2C1B2748D2B700447F2D /* MovieModels.swift */ = {isa = PBXFileReference; fileEncoding = 4; lastKnownFileType = sourcecode.swift; path = MovieModels.swift; sourceTree = "<group>"; };
		8D4A2C1D2748D2BE00447F2D /* MovieInteractor.swift */ = {isa = PBXFileReference; fileEncoding = 4; lastKnownFileType = sourcecode.swift; path = MovieInteractor.swift; sourceTree = "<group>"; };
		8D4A2C1F2748D2FC00447F2D /* MovieResponseModel.swift */ = {isa = PBXFileReference; fileEncoding = 4; lastKnownFileType = sourcecode.swift; path = MovieResponseModel.swift; sourceTree = "<group>"; };
		8DB86EFF273FDC8F00489F3B /* MovieList.app */ = {isa = PBXFileReference; explicitFileType = wrapper.application; includeInIndex = 0; path = MovieList.app; sourceTree = BUILT_PRODUCTS_DIR; };
		8DB86F02273FDC8F00489F3B /* AppDelegate.swift */ = {isa = PBXFileReference; lastKnownFileType = sourcecode.swift; path = AppDelegate.swift; sourceTree = "<group>"; };
		8DB86F04273FDC8F00489F3B /* SceneDelegate.swift */ = {isa = PBXFileReference; lastKnownFileType = sourcecode.swift; path = SceneDelegate.swift; sourceTree = "<group>"; };
		8DB86F09273FDC8F00489F3B /* Base */ = {isa = PBXFileReference; lastKnownFileType = file.storyboard; name = Base; path = Base.lproj/Main.storyboard; sourceTree = "<group>"; };
		8DB86F0B273FDC9000489F3B /* Assets.xcassets */ = {isa = PBXFileReference; lastKnownFileType = folder.assetcatalog; path = Assets.xcassets; sourceTree = "<group>"; };
		8DB86F0E273FDC9000489F3B /* Base */ = {isa = PBXFileReference; lastKnownFileType = file.storyboard; name = Base; path = Base.lproj/LaunchScreen.storyboard; sourceTree = "<group>"; };
		8DB86F10273FDC9000489F3B /* Info.plist */ = {isa = PBXFileReference; lastKnownFileType = text.plist.xml; path = Info.plist; sourceTree = "<group>"; };
		B32729B76DCC064E8C1BF3D2 /* Pods_MovieList.framework */ = {isa = PBXFileReference; explicitFileType = wrapper.framework; includeInIndex = 0; path = Pods_MovieList.framework; sourceTree = BUILT_PRODUCTS_DIR; };
		F31FD78005043E2BC0DBA53A /* Pods-MovieList.debug.xcconfig */ = {isa = PBXFileReference; includeInIndex = 1; lastKnownFileType = text.xcconfig; name = "Pods-MovieList.debug.xcconfig"; path = "Target Support Files/Pods-MovieList/Pods-MovieList.debug.xcconfig"; sourceTree = "<group>"; };
/* End PBXFileReference section */

/* Begin PBXFrameworksBuildPhase section */
		8DB86EFC273FDC8F00489F3B /* Frameworks */ = {
			isa = PBXFrameworksBuildPhase;
			buildActionMask = 2147483647;
			files = (
				7F6D0318915DE9750B5D7C7F /* Pods_MovieList.framework in Frameworks */,
			);
			runOnlyForDeploymentPostprocessing = 0;
		};
/* End PBXFrameworksBuildPhase section */

/* Begin PBXGroup section */
		0A00103E34566BEC4B54D35E /* Pods */ = {
			isa = PBXGroup;
			children = (
				F31FD78005043E2BC0DBA53A /* Pods-MovieList.debug.xcconfig */,
				09F6BEDF1234839512AEC2EE /* Pods-MovieList.release.xcconfig */,
			);
			path = Pods;
			sourceTree = "<group>";
		};
		432B2819F0E93A6D8029094A /* Frameworks */ = {
			isa = PBXGroup;
			children = (
				B32729B76DCC064E8C1BF3D2 /* Pods_MovieList.framework */,
			);
			name = Frameworks;
			sourceTree = "<group>";
		};
		8D4A2BEC273FDE8F00447F2D /* scenes */ = {
			isa = PBXGroup;
			children = (
				8D4A2BEE273FDEAC00447F2D /* MovieDetail */,
				8D4A2BED273FDE9700447F2D /* Movie */,
			);
			path = scenes;
			sourceTree = "<group>";
		};
		8D4A2BED273FDE9700447F2D /* Movie */ = {
			isa = PBXGroup;
			children = (
				8D4A2C102740525F00447F2D /* Cell */,
				8D4A2C1D2748D2BE00447F2D /* MovieInteractor.swift */,
				8D4A2C1B2748D2B700447F2D /* MovieModels.swift */,
				8D4A2C192748D2B000447F2D /* MoviePresenter.swift */,
				8D4A2C172748D29B00447F2D /* MovieRouter.swift */,
				8D4A2C152748D27C00447F2D /* MovieViewController.swift */,
				8D4A2C132748D25800447F2D /* MovieWorker.swift */,
				8D4A2C0E2740407C00447F2D /* MovieNetworkWorker.swift */,
			);
			path = Movie;
			sourceTree = "<group>";
		};
		8D4A2BEE273FDEAC00447F2D /* MovieDetail */ = {
			isa = PBXGroup;
			children = (
			);
			path = MovieDetail;
			sourceTree = "<group>";
		};
		8D4A2BFB273FDEDB00447F2D /* model */ = {
			isa = PBXGroup;
			children = (
				8D4A2C1F2748D2FC00447F2D /* MovieResponseModel.swift */,
			);
			path = model;
			sourceTree = "<group>";
		};
		8D4A2C0B274034F500447F2D /* manager */ = {
			isa = PBXGroup;
			children = (
				8D4A2C0C2740350C00447F2D /* NetworkManager.swift */,
			);
			path = manager;
			sourceTree = "<group>";
		};
		8D4A2C102740525F00447F2D /* Cell */ = {
			isa = PBXGroup;
			children = (
				8D4A2C112740527000447F2D /* MovieTableViewCell.swift */,
			);
			path = Cell;
			sourceTree = "<group>";
		};
		8DB86EF6273FDC8F00489F3B = {
			isa = PBXGroup;
			children = (
				8DB86F01273FDC8F00489F3B /* MovieList */,
				8DB86F00273FDC8F00489F3B /* Products */,
				0A00103E34566BEC4B54D35E /* Pods */,
				432B2819F0E93A6D8029094A /* Frameworks */,
			);
			sourceTree = "<group>";
		};
		8DB86F00273FDC8F00489F3B /* Products */ = {
			isa = PBXGroup;
			children = (
				8DB86EFF273FDC8F00489F3B /* MovieList.app */,
			);
			name = Products;
			sourceTree = "<group>";
		};
		8DB86F01273FDC8F00489F3B /* MovieList */ = {
			isa = PBXGroup;
			children = (
				8D4A2C0B274034F500447F2D /* manager */,
				8D4A2BFB273FDEDB00447F2D /* model */,
				8D4A2BEC273FDE8F00447F2D /* scenes */,
				8DB86F02273FDC8F00489F3B /* AppDelegate.swift */,
				8DB86F04273FDC8F00489F3B /* SceneDelegate.swift */,
				8DB86F08273FDC8F00489F3B /* Main.storyboard */,
				8DB86F0B273FDC9000489F3B /* Assets.xcassets */,
				8DB86F0D273FDC9000489F3B /* LaunchScreen.storyboard */,
				8DB86F10273FDC9000489F3B /* Info.plist */,
			);
			path = MovieList;
			sourceTree = "<group>";
		};
/* End PBXGroup section */

/* Begin PBXNativeTarget section */
		8DB86EFE273FDC8F00489F3B /* MovieList */ = {
			isa = PBXNativeTarget;
			buildConfigurationList = 8DB86F13273FDC9000489F3B /* Build configuration list for PBXNativeTarget "MovieList" */;
			buildPhases = (
				AD5034A898C72C0C2E82ED49 /* [CP] Check Pods Manifest.lock */,
				8DB86EFB273FDC8F00489F3B /* Sources */,
				8DB86EFC273FDC8F00489F3B /* Frameworks */,
				8DB86EFD273FDC8F00489F3B /* Resources */,
				7485AC2BFB6EBD6B62E3D098 /* [CP] Embed Pods Frameworks */,
			);
			buildRules = (
			);
			dependencies = (
			);
			name = MovieList;
			productName = MovieList;
			productReference = 8DB86EFF273FDC8F00489F3B /* MovieList.app */;
			productType = "com.apple.product-type.application";
		};
/* End PBXNativeTarget section */

/* Begin PBXProject section */
		8DB86EF7273FDC8F00489F3B /* Project object */ = {
			isa = PBXProject;
			attributes = {
				LastSwiftUpdateCheck = 1250;
				LastUpgradeCheck = 1250;
				TargetAttributes = {
					8DB86EFE273FDC8F00489F3B = {
						CreatedOnToolsVersion = 12.5.1;
					};
				};
			};
			buildConfigurationList = 8DB86EFA273FDC8F00489F3B /* Build configuration list for PBXProject "MovieList" */;
			compatibilityVersion = "Xcode 9.3";
			developmentRegion = en;
			hasScannedForEncodings = 0;
			knownRegions = (
				en,
				Base,
			);
			mainGroup = 8DB86EF6273FDC8F00489F3B;
			productRefGroup = 8DB86F00273FDC8F00489F3B /* Products */;
			projectDirPath = "";
			projectRoot = "";
			targets = (
				8DB86EFE273FDC8F00489F3B /* MovieList */,
			);
		};
/* End PBXProject section */

/* Begin PBXResourcesBuildPhase section */
		8DB86EFD273FDC8F00489F3B /* Resources */ = {
			isa = PBXResourcesBuildPhase;
			buildActionMask = 2147483647;
			files = (
				8DB86F0F273FDC9000489F3B /* LaunchScreen.storyboard in Resources */,
				8DB86F0C273FDC9000489F3B /* Assets.xcassets in Resources */,
				8DB86F0A273FDC8F00489F3B /* Main.storyboard in Resources */,
			);
			runOnlyForDeploymentPostprocessing = 0;
		};
/* End PBXResourcesBuildPhase section */

/* Begin PBXShellScriptBuildPhase section */
		7485AC2BFB6EBD6B62E3D098 /* [CP] Embed Pods Frameworks */ = {
			isa = PBXShellScriptBuildPhase;
			buildActionMask = 2147483647;
			files = (
			);
			inputFileListPaths = (
				"${PODS_ROOT}/Target Support Files/Pods-MovieList/Pods-MovieList-frameworks-${CONFIGURATION}-input-files.xcfilelist",
			);
			name = "[CP] Embed Pods Frameworks";
			outputFileListPaths = (
				"${PODS_ROOT}/Target Support Files/Pods-MovieList/Pods-MovieList-frameworks-${CONFIGURATION}-output-files.xcfilelist",
			);
			runOnlyForDeploymentPostprocessing = 0;
			shellPath = /bin/sh;
			shellScript = "\"${PODS_ROOT}/Target Support Files/Pods-MovieList/Pods-MovieList-frameworks.sh\"\n";
			showEnvVarsInLog = 0;
		};
		AD5034A898C72C0C2E82ED49 /* [CP] Check Pods Manifest.lock */ = {
			isa = PBXShellScriptBuildPhase;
			buildActionMask = 2147483647;
			files = (
			);
			inputFileListPaths = (
			);
			inputPaths = (
				"${PODS_PODFILE_DIR_PATH}/Podfile.lock",
				"${PODS_ROOT}/Manifest.lock",
			);
			name = "[CP] Check Pods Manifest.lock";
			outputFileListPaths = (
			);
			outputPaths = (
				"$(DERIVED_FILE_DIR)/Pods-MovieList-checkManifestLockResult.txt",
			);
			runOnlyForDeploymentPostprocessing = 0;
			shellPath = /bin/sh;
			shellScript = "diff \"${PODS_PODFILE_DIR_PATH}/Podfile.lock\" \"${PODS_ROOT}/Manifest.lock\" > /dev/null\nif [ $? != 0 ] ; then\n    # print error to STDERR\n    echo \"error: The sandbox is not in sync with the Podfile.lock. Run 'pod install' or update your CocoaPods installation.\" >&2\n    exit 1\nfi\n# This output is used by Xcode 'outputs' to avoid re-running this script phase.\necho \"SUCCESS\" > \"${SCRIPT_OUTPUT_FILE_0}\"\n";
			showEnvVarsInLog = 0;
		};
/* End PBXShellScriptBuildPhase section */

/* Begin PBXSourcesBuildPhase section */
		8DB86EFB273FDC8F00489F3B /* Sources */ = {
			isa = PBXSourcesBuildPhase;
			buildActionMask = 2147483647;
			files = (
				8D4A2C1A2748D2B000447F2D /* MoviePresenter.swift in Sources */,
				8D4A2C202748D2FC00447F2D /* MovieResponseModel.swift in Sources */,
				8D4A2C162748D27C00447F2D /* MovieViewController.swift in Sources */,
				8D4A2C0D2740350C00447F2D /* NetworkManager.swift in Sources */,
				8DB86F03273FDC8F00489F3B /* AppDelegate.swift in Sources */,
				8D4A2C182748D29B00447F2D /* MovieRouter.swift in Sources */,
				8D4A2C1C2748D2B800447F2D /* MovieModels.swift in Sources */,
				8D4A2C1E2748D2BF00447F2D /* MovieInteractor.swift in Sources */,
				8D4A2C142748D25800447F2D /* MovieWorker.swift in Sources */,
				8DB86F05273FDC8F00489F3B /* SceneDelegate.swift in Sources */,
				8D4A2C0F2740407C00447F2D /* MovieNetworkWorker.swift in Sources */,
				8D4A2C122740527000447F2D /* MovieTableViewCell.swift in Sources */,
			);
			runOnlyForDeploymentPostprocessing = 0;
		};
/* End PBXSourcesBuildPhase section */

/* Begin PBXVariantGroup section */
		8DB86F08273FDC8F00489F3B /* Main.storyboard */ = {
			isa = PBXVariantGroup;
			children = (
				8DB86F09273FDC8F00489F3B /* Base */,
			);
			name = Main.storyboard;
			sourceTree = "<group>";
		};
		8DB86F0D273FDC9000489F3B /* LaunchScreen.storyboard */ = {
			isa = PBXVariantGroup;
			children = (
				8DB86F0E273FDC9000489F3B /* Base */,
			);
			name = LaunchScreen.storyboard;
			sourceTree = "<group>";
		};
/* End PBXVariantGroup section */

/* Begin XCBuildConfiguration section */
		8DB86F11273FDC9000489F3B /* Debug */ = {
			isa = XCBuildConfiguration;
			buildSettings = {
				ALWAYS_SEARCH_USER_PATHS = NO;
				CLANG_ANALYZER_NONNULL = YES;
				CLANG_ANALYZER_NUMBER_OBJECT_CONVERSION = YES_AGGRESSIVE;
				CLANG_CXX_LANGUAGE_STANDARD = "gnu++14";
				CLANG_CXX_LIBRARY = "libc++";
				CLANG_ENABLE_MODULES = YES;
				CLANG_ENABLE_OBJC_ARC = YES;
				CLANG_ENABLE_OBJC_WEAK = YES;
				CLANG_WARN_BLOCK_CAPTURE_AUTORELEASING = YES;
				CLANG_WARN_BOOL_CONVERSION = YES;
				CLANG_WARN_COMMA = YES;
				CLANG_WARN_CONSTANT_CONVERSION = YES;
				CLANG_WARN_DEPRECATED_OBJC_IMPLEMENTATIONS = YES;
				CLANG_WARN_DIRECT_OBJC_ISA_USAGE = YES_ERROR;
				CLANG_WARN_DOCUMENTATION_COMMENTS = YES;
				CLANG_WARN_EMPTY_BODY = YES;
				CLANG_WARN_ENUM_CONVERSION = YES;
				CLANG_WARN_INFINITE_RECURSION = YES;
				CLANG_WARN_INT_CONVERSION = YES;
				CLANG_WARN_NON_LITERAL_NULL_CONVERSION = YES;
				CLANG_WARN_OBJC_IMPLICIT_RETAIN_SELF = YES;
				CLANG_WARN_OBJC_LITERAL_CONVERSION = YES;
				CLANG_WARN_OBJC_ROOT_CLASS = YES_ERROR;
				CLANG_WARN_QUOTED_INCLUDE_IN_FRAMEWORK_HEADER = YES;
				CLANG_WARN_RANGE_LOOP_ANALYSIS = YES;
				CLANG_WARN_STRICT_PROTOTYPES = YES;
				CLANG_WARN_SUSPICIOUS_MOVE = YES;
				CLANG_WARN_UNGUARDED_AVAILABILITY = YES_AGGRESSIVE;
				CLANG_WARN_UNREACHABLE_CODE = YES;
				CLANG_WARN__DUPLICATE_METHOD_MATCH = YES;
				COPY_PHASE_STRIP = NO;
				DEBUG_INFORMATION_FORMAT = dwarf;
				ENABLE_STRICT_OBJC_MSGSEND = YES;
				ENABLE_TESTABILITY = YES;
				GCC_C_LANGUAGE_STANDARD = gnu11;
				GCC_DYNAMIC_NO_PIC = NO;
				GCC_NO_COMMON_BLOCKS = YES;
				GCC_OPTIMIZATION_LEVEL = 0;
				GCC_PREPROCESSOR_DEFINITIONS = (
					"DEBUG=1",
					"$(inherited)",
				);
				GCC_WARN_64_TO_32_BIT_CONVERSION = YES;
				GCC_WARN_ABOUT_RETURN_TYPE = YES_ERROR;
				GCC_WARN_UNDECLARED_SELECTOR = YES;
				GCC_WARN_UNINITIALIZED_AUTOS = YES_AGGRESSIVE;
				GCC_WARN_UNUSED_FUNCTION = YES;
				GCC_WARN_UNUSED_VARIABLE = YES;
				IPHONEOS_DEPLOYMENT_TARGET = 14.5;
				MTL_ENABLE_DEBUG_INFO = INCLUDE_SOURCE;
				MTL_FAST_MATH = YES;
				ONLY_ACTIVE_ARCH = YES;
				SDKROOT = iphoneos;
				SWIFT_ACTIVE_COMPILATION_CONDITIONS = DEBUG;
				SWIFT_OPTIMIZATION_LEVEL = "-Onone";
			};
			name = Debug;
		};
		8DB86F12273FDC9000489F3B /* Release */ = {
			isa = XCBuildConfiguration;
			buildSettings = {
				ALWAYS_SEARCH_USER_PATHS = NO;
				CLANG_ANALYZER_NONNULL = YES;
				CLANG_ANALYZER_NUMBER_OBJECT_CONVERSION = YES_AGGRESSIVE;
				CLANG_CXX_LANGUAGE_STANDARD = "gnu++14";
				CLANG_CXX_LIBRARY = "libc++";
				CLANG_ENABLE_MODULES = YES;
				CLANG_ENABLE_OBJC_ARC = YES;
				CLANG_ENABLE_OBJC_WEAK = YES;
				CLANG_WARN_BLOCK_CAPTURE_AUTORELEASING = YES;
				CLANG_WARN_BOOL_CONVERSION = YES;
				CLANG_WARN_COMMA = YES;
				CLANG_WARN_CONSTANT_CONVERSION = YES;
				CLANG_WARN_DEPRECATED_OBJC_IMPLEMENTATIONS = YES;
				CLANG_WARN_DIRECT_OBJC_ISA_USAGE = YES_ERROR;
				CLANG_WARN_DOCUMENTATION_COMMENTS = YES;
				CLANG_WARN_EMPTY_BODY = YES;
				CLANG_WARN_ENUM_CONVERSION = YES;
				CLANG_WARN_INFINITE_RECURSION = YES;
				CLANG_WARN_INT_CONVERSION = YES;
				CLANG_WARN_NON_LITERAL_NULL_CONVERSION = YES;
				CLANG_WARN_OBJC_IMPLICIT_RETAIN_SELF = YES;
				CLANG_WARN_OBJC_LITERAL_CONVERSION = YES;
				CLANG_WARN_OBJC_ROOT_CLASS = YES_ERROR;
				CLANG_WARN_QUOTED_INCLUDE_IN_FRAMEWORK_HEADER = YES;
				CLANG_WARN_RANGE_LOOP_ANALYSIS = YES;
				CLANG_WARN_STRICT_PROTOTYPES = YES;
				CLANG_WARN_SUSPICIOUS_MOVE = YES;
				CLANG_WARN_UNGUARDED_AVAILABILITY = YES_AGGRESSIVE;
				CLANG_WARN_UNREACHABLE_CODE = YES;
				CLANG_WARN__DUPLICATE_METHOD_MATCH = YES;
				COPY_PHASE_STRIP = NO;
				DEBUG_INFORMATION_FORMAT = "dwarf-with-dsym";
				ENABLE_NS_ASSERTIONS = NO;
				ENABLE_STRICT_OBJC_MSGSEND = YES;
				GCC_C_LANGUAGE_STANDARD = gnu11;
				GCC_NO_COMMON_BLOCKS = YES;
				GCC_WARN_64_TO_32_BIT_CONVERSION = YES;
				GCC_WARN_ABOUT_RETURN_TYPE = YES_ERROR;
				GCC_WARN_UNDECLARED_SELECTOR = YES;
				GCC_WARN_UNINITIALIZED_AUTOS = YES_AGGRESSIVE;
				GCC_WARN_UNUSED_FUNCTION = YES;
				GCC_WARN_UNUSED_VARIABLE = YES;
				IPHONEOS_DEPLOYMENT_TARGET = 14.5;
				MTL_ENABLE_DEBUG_INFO = NO;
				MTL_FAST_MATH = YES;
				SDKROOT = iphoneos;
				SWIFT_COMPILATION_MODE = wholemodule;
				SWIFT_OPTIMIZATION_LEVEL = "-O";
				VALIDATE_PRODUCT = YES;
			};
			name = Release;
		};
		8DB86F14273FDC9000489F3B /* Debug */ = {
			isa = XCBuildConfiguration;
			baseConfigurationReference = F31FD78005043E2BC0DBA53A /* Pods-MovieList.debug.xcconfig */;
			buildSettings = {
				ASSETCATALOG_COMPILER_APPICON_NAME = AppIcon;
				ASSETCATALOG_COMPILER_GLOBAL_ACCENT_COLOR_NAME = AccentColor;
				CODE_SIGN_STYLE = Automatic;
				DEVELOPMENT_TEAM = 3DC3ZYH3WG;
				INFOPLIST_FILE = MovieList/Info.plist;
				LD_RUNPATH_SEARCH_PATHS = (
					"$(inherited)",
					"@executable_path/Frameworks",
				);
				PRODUCT_BUNDLE_IDENTIFIER = moviewlistVIP.MovieList;
				PRODUCT_NAME = "$(TARGET_NAME)";
				SWIFT_VERSION = 5.0;
				TARGETED_DEVICE_FAMILY = "1,2";
			};
			name = Debug;
		};
		8DB86F15273FDC9000489F3B /* Release */ = {
			isa = XCBuildConfiguration;
			baseConfigurationReference = 09F6BEDF1234839512AEC2EE /* Pods-MovieList.release.xcconfig */;
			buildSettings = {
				ASSETCATALOG_COMPILER_APPICON_NAME = AppIcon;
				ASSETCATALOG_COMPILER_GLOBAL_ACCENT_COLOR_NAME = AccentColor;
				CODE_SIGN_STYLE = Automatic;
				DEVELOPMENT_TEAM = 3DC3ZYH3WG;
				INFOPLIST_FILE = MovieList/Info.plist;
				LD_RUNPATH_SEARCH_PATHS = (
					"$(inherited)",
					"@executable_path/Frameworks",
				);
				PRODUCT_BUNDLE_IDENTIFIER = moviewlistVIP.MovieList;
				PRODUCT_NAME = "$(TARGET_NAME)";
				SWIFT_VERSION = 5.0;
				TARGETED_DEVICE_FAMILY = "1,2";
			};
			name = Release;
		};
/* End XCBuildConfiguration section */

/* Begin XCConfigurationList section */
		8DB86EFA273FDC8F00489F3B /* Build configuration list for PBXProject "MovieList" */ = {
			isa = XCConfigurationList;
			buildConfigurations = (
				8DB86F11273FDC9000489F3B /* Debug */,
				8DB86F12273FDC9000489F3B /* Release */,
			);
			defaultConfigurationIsVisible = 0;
			defaultConfigurationName = Release;
		};
		8DB86F13273FDC9000489F3B /* Build configuration list for PBXNativeTarget "MovieList" */ = {
			isa = XCConfigurationList;
			buildConfigurations = (
				8DB86F14273FDC9000489F3B /* Debug */,
				8DB86F15273FDC9000489F3B /* Release */,
			);
			defaultConfigurationIsVisible = 0;
			defaultConfigurationName = Release;
		};
/* End XCConfigurationList section */
	};
	rootObject = 8DB86EF7273FDC8F00489F3B /* Project object */;
}
